
Microsoft Visual Studio Solution File, Format Version 12.00
# Visual Studio Version 17
VisualStudioVersion = 17.1.32228.430
MinimumVisualStudioVersion = 10.0.40219.1
Project("{FAE04EC0-301F-11D3-BF4B-00C04F79EFBC}") = "Constructors in OOP", "Constructors in OOP\Constructors in OOP.csproj", "{C8CA092C-8638-472C-880E-5CB468A4AC2E}"
EndProject
Global
	GlobalSection(SolutionConfigurationPlatforms) = preSolution
		Debug|Any CPU = Debug|Any CPU
		Release|Any CPU = Release|Any CPU
	EndGlobalSection
	GlobalSection(ProjectConfigurationPlatforms) = postSolution
		{C8CA092C-8638-472C-880E-5CB468A4AC2E}.Debug|Any CPU.ActiveCfg = Debug|Any CPU
		{C8CA092C-8638-472C-880E-5CB468A4AC2E}.Debug|Any CPU.Build.0 = Debug|Any CPU
		{C8CA092C-8638-472C-880E-5CB468A4AC2E}.Release|Any CPU.ActiveCfg = Release|Any CPU
		{C8CA092C-8638-472C-880E-5CB468A4AC2E}.Release|Any CPU.Build.0 = Release|Any CPU
	EndGlobalSection
	GlobalSection(SolutionProperties) = preSolution
		HideSolutionNode = FALSE
	EndGlobalSection
	GlobalSection(ExtensibilityGlobals) = postSolution
		SolutionGuid = {41E4F851-32DF-434A-A6F8-D84D5A0860C5}
	EndGlobalSection
EndGlobal
